// !$*UTF8*$!
{
	archiveVersion = 1;
	classes = {
	};
	objectVersion = 46;
	objects = {

/* Begin PBXBuildFile section */
		9B44EA2D1614AA0F00E47ED8 /* UIKit.framework in Frameworks */ = {isa = PBXBuildFile; fileRef = 9B44EA2C1614AA0F00E47ED8 /* UIKit.framework */; };
		9B44EA2F1614AA0F00E47ED8 /* Foundation.framework in Frameworks */ = {isa = PBXBuildFile; fileRef = 9B44EA2E1614AA0F00E47ED8 /* Foundation.framework */; };
		9B44EA311614AA0F00E47ED8 /* CoreGraphics.framework in Frameworks */ = {isa = PBXBuildFile; fileRef = 9B44EA301614AA0F00E47ED8 /* CoreGraphics.framework */; };
		9B44EA331614AA0F00E47ED8 /* QuartzCore.framework in Frameworks */ = {isa = PBXBuildFile; fileRef = 9B44EA321614AA0F00E47ED8 /* QuartzCore.framework */; };
		9B44EA351614AA0F00E47ED8 /* Accelerate.framework in Frameworks */ = {isa = PBXBuildFile; fileRef = 9B44EA341614AA0F00E47ED8 /* Accelerate.framework */; };
		9B44EA371614AA0F00E47ED8 /* AddressBook.framework in Frameworks */ = {isa = PBXBuildFile; fileRef = 9B44EA361614AA0F00E47ED8 /* AddressBook.framework */; };
		9B44EA391614AA0F00E47ED8 /* AddressBookUI.framework in Frameworks */ = {isa = PBXBuildFile; fileRef = 9B44EA381614AA0F00E47ED8 /* AddressBookUI.framework */; };
		9B44EA3B1614AA0F00E47ED8 /* AudioToolbox.framework in Frameworks */ = {isa = PBXBuildFile; fileRef = 9B44EA3A1614AA0F00E47ED8 /* AudioToolbox.framework */; };
		9B44EA3D1614AA0F00E47ED8 /* AVFoundation.framework in Frameworks */ = {isa = PBXBuildFile; fileRef = 9B44EA3C1614AA0F00E47ED8 /* AVFoundation.framework */; };
		9B44EA3F1614AA0F00E47ED8 /* CoreLocation.framework in Frameworks */ = {isa = PBXBuildFile; fileRef = 9B44EA3E1614AA0F00E47ED8 /* CoreLocation.framework */; };
		9B44EA411614AA0F00E47ED8 /* GameKit.framework in Frameworks */ = {isa = PBXBuildFile; fileRef = 9B44EA401614AA0F00E47ED8 /* GameKit.framework */; };
		9B44EA431614AA0F00E47ED8 /* iAd.framework in Frameworks */ = {isa = PBXBuildFile; fileRef = 9B44EA421614AA0F00E47ED8 /* iAd.framework */; };
		9B44EA451614AA0F00E47ED8 /* MapKit.framework in Frameworks */ = {isa = PBXBuildFile; fileRef = 9B44EA441614AA0F00E47ED8 /* MapKit.framework */; };
		9B44EA471614AA0F00E47ED8 /* MediaPlayer.framework in Frameworks */ = {isa = PBXBuildFile; fileRef = 9B44EA461614AA0F00E47ED8 /* MediaPlayer.framework */; };
		9B44EA491614AA0F00E47ED8 /* MessageUI.framework in Frameworks */ = {isa = PBXBuildFile; fileRef = 9B44EA481614AA0F00E47ED8 /* MessageUI.framework */; };
		9B44EA4B1614AA0F00E47ED8 /* QuickLook.framework in Frameworks */ = {isa = PBXBuildFile; fileRef = 9B44EA4A1614AA0F00E47ED8 /* QuickLook.framework */; };
		9B44EA4D1614AA0F00E47ED8 /* StoreKit.framework in Frameworks */ = {isa = PBXBuildFile; fileRef = 9B44EA4C1614AA0F00E47ED8 /* StoreKit.framework */; };
		9B44EA4F1614AA0F00E47ED8 /* SystemConfiguration.framework in Frameworks */ = {isa = PBXBuildFile; fileRef = 9B44EA4E1614AA0F00E47ED8 /* SystemConfiguration.framework */; };
		9B44EA551614AA0F00E47ED8 /* InfoPlist.strings in Resources */ = {isa = PBXBuildFile; fileRef = 9B44EA531614AA0F00E47ED8 /* InfoPlist.strings */; };
		9B44EA571614AA0F00E47ED8 /* main.m in Sources */ = {isa = PBXBuildFile; fileRef = 9B44EA561614AA0F00E47ED8 /* main.m */; };
		9B44EA5A1614AA1000E47ED8 /* qc_hybrid.a in Frameworks */ = {isa = PBXBuildFile; fileRef = 9B44EA591614AA1000E47ED8 /* qc_hybrid.a */; };
		9B44EA5D1614AA1000E47ED8 /* index.html in Resources */ = {isa = PBXBuildFile; fileRef = 9B44EA5C1614AA1000E47ED8 /* index.html */; };
		9B44EA5F1614AA1000E47ED8 /* main.css in Resources */ = {isa = PBXBuildFile; fileRef = 9B44EA5E1614AA1000E47ED8 /* main.css */; };
		9B44EA611614AA1000E47ED8 /* main.js in Resources */ = {isa = PBXBuildFile; fileRef = 9B44EA601614AA1000E47ED8 /* main.js */; };
		9B44EA631614AA1000E47ED8 /* mappings.js in Resources */ = {isa = PBXBuildFile; fileRef = 9B44EA621614AA1000E47ED8 /* mappings.js */; };
		9B44EA651614AA1000E47ED8 /* functions.js in Resources */ = {isa = PBXBuildFile; fileRef = 9B44EA641614AA1000E47ED8 /* functions.js */; };
		9B44EA671614AA1000E47ED8 /* databaseDefinition.js in Resources */ = {isa = PBXBuildFile; fileRef = 9B44EA661614AA1000E47ED8 /* databaseDefinition.js */; };
		9B44EA691614AA1000E47ED8 /* com.js in Resources */ = {isa = PBXBuildFile; fileRef = 9B44EA681614AA1000E47ED8 /* com.js */; };
		9B44EA6B1614AA1000E47ED8 /* Default-568h@2x.png in Resources */ = {isa = PBXBuildFile; fileRef = 9B44EA6A1614AA1000E47ED8 /* Default-568h@2x.png */; };
		9B44EA6D1614AA1000E47ED8 /* Default@2x.png in Resources */ = {isa = PBXBuildFile; fileRef = 9B44EA6C1614AA1000E47ED8 /* Default@2x.png */; };
		9B44EA6F1614AA1000E47ED8 /* Default-Landscape@2x~ipad.png in Resources */ = {isa = PBXBuildFile; fileRef = 9B44EA6E1614AA1000E47ED8 /* Default-Landscape@2x~ipad.png */; };
		9B44EA711614AA1000E47ED8 /* Default-Landscape~ipad.png in Resources */ = {isa = PBXBuildFile; fileRef = 9B44EA701614AA1000E47ED8 /* Default-Landscape~ipad.png */; };
		9B44EA731614AA1000E47ED8 /* Default-Portrait@2x~ipad.png in Resources */ = {isa = PBXBuildFile; fileRef = 9B44EA721614AA1000E47ED8 /* Default-Portrait@2x~ipad.png */; };
		9B44EA751614AA1000E47ED8 /* Default-Portrait~ipad.png in Resources */ = {isa = PBXBuildFile; fileRef = 9B44EA741614AA1000E47ED8 /* Default-Portrait~ipad.png */; };
		9B44EA771614AA1000E47ED8 /* Default.png in Resources */ = {isa = PBXBuildFile; fileRef = 9B44EA761614AA1000E47ED8 /* Default.png */; };
		9B44EA791614AA1000E47ED8 /* DBScript.js in Resources */ = {isa = PBXBuildFile; fileRef = 9B44EA781614AA1000E47ED8 /* DBScript.js */; };
		9B44EA7B1614AA1000E47ED8 /* ImagePickerViewController.xib in Resources */ = {isa = PBXBuildFile; fileRef = 9B44EA7A1614AA1000E47ED8 /* ImagePickerViewController.xib */; };
		9B44EA7D1614AA1000E47ED8 /* QuickConnect.js in Resources */ = {isa = PBXBuildFile; fileRef = 9B44EA7C1614AA1000E47ED8 /* QuickConnect.js */; };
		9B44EA7F1614AA1100E47ED8 /* DataAccessObject.js in Resources */ = {isa = PBXBuildFile; fileRef = 9B44EA7E1614AA1100E47ED8 /* DataAccessObject.js */; };
		9B44EA811614AA1100E47ED8 /* LocationObject.js in Resources */ = {isa = PBXBuildFile; fileRef = 9B44EA801614AA1100E47ED8 /* LocationObject.js */; };
		9B44EA831614AA1100E47ED8 /* EnterpriseSync.css in Resources */ = {isa = PBXBuildFile; fileRef = 9B44EA821614AA1100E47ED8 /* EnterpriseSync.css */; };
		9B44EA851614AA1100E47ED8 /* MapView.xib in Resources */ = {isa = PBXBuildFile; fileRef = 9B44EA841614AA1100E47ED8 /* MapView.xib */; };
		9B44EA871614AA1100E47ED8 /* ServerAccessObject.js in Resources */ = {isa = PBXBuildFile; fileRef = 9B44EA861614AA1100E47ED8 /* ServerAccessObject.js */; };
		9B44EA891614AA1100E47ED8 /* EnterpriseSyncFunctions.js in Resources */ = {isa = PBXBuildFile; fileRef = 9B44EA881614AA1100E47ED8 /* EnterpriseSyncFunctions.js */; };
		9B44EA8B1614AA1100E47ED8 /* QCNativeFooter.js in Resources */ = {isa = PBXBuildFile; fileRef = 9B44EA8A1614AA1100E47ED8 /* QCNativeFooter.js */; };
		9B44EA8D1614AA1100E47ED8 /* EnterpriseSyncMappings.js in Resources */ = {isa = PBXBuildFile; fileRef = 9B44EA8C1614AA1100E47ED8 /* EnterpriseSyncMappings.js */; };
		9B44EA8F1614AA1100E47ED8 /* QCUtilities.js in Resources */ = {isa = PBXBuildFile; fileRef = 9B44EA8E1614AA1100E47ED8 /* QCUtilities.js */; };
		9B44EA911614AA1100E47ED8 /* SetupQC.js in Resources */ = {isa = PBXBuildFile; fileRef = 9B44EA901614AA1100E47ED8 /* SetupQC.js */; };
		9B44EAA01614BA6300E47ED8 /* Bug.png in Resources */ = {isa = PBXBuildFile; fileRef = 9B44EA9F1614BA6300E47ED8 /* Bug.png */; };
/* End PBXBuildFile section */

/* Begin PBXFileReference section */
		9B44EA281614AA0F00E47ED8 /* Debugging.app */ = {isa = PBXFileReference; explicitFileType = wrapper.application; includeInIndex = 0; path = Debugging.app; sourceTree = BUILT_PRODUCTS_DIR; };
		9B44EA2C1614AA0F00E47ED8 /* UIKit.framework */ = {isa = PBXFileReference; lastKnownFileType = wrapper.framework; name = UIKit.framework; path = System/Library/Frameworks/UIKit.framework; sourceTree = SDKROOT; };
		9B44EA2E1614AA0F00E47ED8 /* Foundation.framework */ = {isa = PBXFileReference; lastKnownFileType = wrapper.framework; name = Foundation.framework; path = System/Library/Frameworks/Foundation.framework; sourceTree = SDKROOT; };
		9B44EA301614AA0F00E47ED8 /* CoreGraphics.framework */ = {isa = PBXFileReference; lastKnownFileType = wrapper.framework; name = CoreGraphics.framework; path = System/Library/Frameworks/CoreGraphics.framework; sourceTree = SDKROOT; };
		9B44EA321614AA0F00E47ED8 /* QuartzCore.framework */ = {isa = PBXFileReference; lastKnownFileType = wrapper.framework; name = QuartzCore.framework; path = System/Library/Frameworks/QuartzCore.framework; sourceTree = SDKROOT; };
		9B44EA341614AA0F00E47ED8 /* Accelerate.framework */ = {isa = PBXFileReference; lastKnownFileType = wrapper.framework; name = Accelerate.framework; path = System/Library/Frameworks/Accelerate.framework; sourceTree = SDKROOT; };
		9B44EA361614AA0F00E47ED8 /* AddressBook.framework */ = {isa = PBXFileReference; lastKnownFileType = wrapper.framework; name = AddressBook.framework; path = System/Library/Frameworks/AddressBook.framework; sourceTree = SDKROOT; };
		9B44EA381614AA0F00E47ED8 /* AddressBookUI.framework */ = {isa = PBXFileReference; lastKnownFileType = wrapper.framework; name = AddressBookUI.framework; path = System/Library/Frameworks/AddressBookUI.framework; sourceTree = SDKROOT; };
		9B44EA3A1614AA0F00E47ED8 /* AudioToolbox.framework */ = {isa = PBXFileReference; lastKnownFileType = wrapper.framework; name = AudioToolbox.framework; path = System/Library/Frameworks/AudioToolbox.framework; sourceTree = SDKROOT; };
		9B44EA3C1614AA0F00E47ED8 /* AVFoundation.framework */ = {isa = PBXFileReference; lastKnownFileType = wrapper.framework; name = AVFoundation.framework; path = System/Library/Frameworks/AVFoundation.framework; sourceTree = SDKROOT; };
		9B44EA3E1614AA0F00E47ED8 /* CoreLocation.framework */ = {isa = PBXFileReference; lastKnownFileType = wrapper.framework; name = CoreLocation.framework; path = System/Library/Frameworks/CoreLocation.framework; sourceTree = SDKROOT; };
		9B44EA401614AA0F00E47ED8 /* GameKit.framework */ = {isa = PBXFileReference; lastKnownFileType = wrapper.framework; name = GameKit.framework; path = System/Library/Frameworks/GameKit.framework; sourceTree = SDKROOT; };
		9B44EA421614AA0F00E47ED8 /* iAd.framework */ = {isa = PBXFileReference; lastKnownFileType = wrapper.framework; name = iAd.framework; path = System/Library/Frameworks/iAd.framework; sourceTree = SDKROOT; };
		9B44EA441614AA0F00E47ED8 /* MapKit.framework */ = {isa = PBXFileReference; lastKnownFileType = wrapper.framework; name = MapKit.framework; path = System/Library/Frameworks/MapKit.framework; sourceTree = SDKROOT; };
		9B44EA461614AA0F00E47ED8 /* MediaPlayer.framework */ = {isa = PBXFileReference; lastKnownFileType = wrapper.framework; name = MediaPlayer.framework; path = System/Library/Frameworks/MediaPlayer.framework; sourceTree = SDKROOT; };
		9B44EA481614AA0F00E47ED8 /* MessageUI.framework */ = {isa = PBXFileReference; lastKnownFileType = wrapper.framework; name = MessageUI.framework; path = System/Library/Frameworks/MessageUI.framework; sourceTree = SDKROOT; };
		9B44EA4A1614AA0F00E47ED8 /* QuickLook.framework */ = {isa = PBXFileReference; lastKnownFileType = wrapper.framework; name = QuickLook.framework; path = System/Library/Frameworks/QuickLook.framework; sourceTree = SDKROOT; };
		9B44EA4C1614AA0F00E47ED8 /* StoreKit.framework */ = {isa = PBXFileReference; lastKnownFileType = wrapper.framework; name = StoreKit.framework; path = System/Library/Frameworks/StoreKit.framework; sourceTree = SDKROOT; };
		9B44EA4E1614AA0F00E47ED8 /* SystemConfiguration.framework */ = {isa = PBXFileReference; lastKnownFileType = wrapper.framework; name = SystemConfiguration.framework; path = System/Library/Frameworks/SystemConfiguration.framework; sourceTree = SDKROOT; };
		9B44EA521614AA0F00E47ED8 /* Debugging-Info.plist */ = {isa = PBXFileReference; lastKnownFileType = text.plist.xml; path = "Debugging-Info.plist"; sourceTree = "<group>"; };
		9B44EA541614AA0F00E47ED8 /* en */ = {isa = PBXFileReference; lastKnownFileType = text.plist.strings; name = en; path = en.lproj/InfoPlist.strings; sourceTree = "<group>"; };
		9B44EA561614AA0F00E47ED8 /* main.m */ = {isa = PBXFileReference; lastKnownFileType = sourcecode.c.objc; path = main.m; sourceTree = "<group>"; };
		9B44EA581614AA0F00E47ED8 /* Debugging-Prefix.pch */ = {isa = PBXFileReference; lastKnownFileType = sourcecode.c.h; path = "Debugging-Prefix.pch"; sourceTree = "<group>"; };
		9B44EA591614AA1000E47ED8 /* qc_hybrid.a */ = {isa = PBXFileReference; lastKnownFileType = archive.ar; path = qc_hybrid.a; sourceTree = "<group>"; };
		9B44EA5B1614AA1000E47ED8 /* QuickConnectViewController.h */ = {isa = PBXFileReference; lastKnownFileType = sourcecode.c.h; path = QuickConnectViewController.h; sourceTree = "<group>"; };
		9B44EA5C1614AA1000E47ED8 /* index.html */ = {isa = PBXFileReference; lastKnownFileType = text.html; path = index.html; sourceTree = "<group>"; };
		9B44EA5E1614AA1000E47ED8 /* main.css */ = {isa = PBXFileReference; lastKnownFileType = text.css; path = main.css; sourceTree = "<group>"; };
		9B44EA601614AA1000E47ED8 /* main.js */ = {isa = PBXFileReference; lastKnownFileType = sourcecode.javascript; path = main.js; sourceTree = "<group>"; };
		9B44EA621614AA1000E47ED8 /* mappings.js */ = {isa = PBXFileReference; lastKnownFileType = sourcecode.javascript; path = mappings.js; sourceTree = "<group>"; };
		9B44EA641614AA1000E47ED8 /* functions.js */ = {isa = PBXFileReference; lastKnownFileType = sourcecode.javascript; path = functions.js; sourceTree = "<group>"; };
		9B44EA661614AA1000E47ED8 /* databaseDefinition.js */ = {isa = PBXFileReference; lastKnownFileType = sourcecode.javascript; path = databaseDefinition.js; sourceTree = "<group>"; };
		9B44EA681614AA1000E47ED8 /* com.js */ = {isa = PBXFileReference; lastKnownFileType = sourcecode.javascript; path = com.js; sourceTree = "<group>"; };
		9B44EA6A1614AA1000E47ED8 /* Default-568h@2x.png */ = {isa = PBXFileReference; lastKnownFileType = image.png; path = "Default-568h@2x.png"; sourceTree = "<group>"; };
		9B44EA6C1614AA1000E47ED8 /* Default@2x.png */ = {isa = PBXFileReference; lastKnownFileType = image.png; path = "Default@2x.png"; sourceTree = "<group>"; };
		9B44EA6E1614AA1000E47ED8 /* Default-Landscape@2x~ipad.png */ = {isa = PBXFileReference; lastKnownFileType = image.png; path = "Default-Landscape@2x~ipad.png"; sourceTree = "<group>"; };
		9B44EA701614AA1000E47ED8 /* Default-Landscape~ipad.png */ = {isa = PBXFileReference; lastKnownFileType = image.png; path = "Default-Landscape~ipad.png"; sourceTree = "<group>"; };
		9B44EA721614AA1000E47ED8 /* Default-Portrait@2x~ipad.png */ = {isa = PBXFileReference; lastKnownFileType = image.png; path = "Default-Portrait@2x~ipad.png"; sourceTree = "<group>"; };
		9B44EA741614AA1000E47ED8 /* Default-Portrait~ipad.png */ = {isa = PBXFileReference; lastKnownFileType = image.png; path = "Default-Portrait~ipad.png"; sourceTree = "<group>"; };
		9B44EA761614AA1000E47ED8 /* Default.png */ = {isa = PBXFileReference; lastKnownFileType = image.png; path = Default.png; sourceTree = "<group>"; };
		9B44EA781614AA1000E47ED8 /* DBScript.js */ = {isa = PBXFileReference; lastKnownFileType = sourcecode.javascript; path = DBScript.js; sourceTree = "<group>"; };
		9B44EA7A1614AA1000E47ED8 /* ImagePickerViewController.xib */ = {isa = PBXFileReference; lastKnownFileType = file.xib; path = ImagePickerViewController.xib; sourceTree = "<group>"; };
		9B44EA7C1614AA1000E47ED8 /* QuickConnect.js */ = {isa = PBXFileReference; lastKnownFileType = sourcecode.javascript; path = QuickConnect.js; sourceTree = "<group>"; };
		9B44EA7E1614AA1100E47ED8 /* DataAccessObject.js */ = {isa = PBXFileReference; lastKnownFileType = sourcecode.javascript; path = DataAccessObject.js; sourceTree = "<group>"; };
		9B44EA801614AA1100E47ED8 /* LocationObject.js */ = {isa = PBXFileReference; lastKnownFileType = sourcecode.javascript; path = LocationObject.js; sourceTree = "<group>"; };
		9B44EA821614AA1100E47ED8 /* EnterpriseSync.css */ = {isa = PBXFileReference; lastKnownFileType = text.css; path = EnterpriseSync.css; sourceTree = "<group>"; };
		9B44EA841614AA1100E47ED8 /* MapView.xib */ = {isa = PBXFileReference; lastKnownFileType = file.xib; path = MapView.xib; sourceTree = "<group>"; };
		9B44EA861614AA1100E47ED8 /* ServerAccessObject.js */ = {isa = PBXFileReference; lastKnownFileType = sourcecode.javascript; path = ServerAccessObject.js; sourceTree = "<group>"; };
		9B44EA881614AA1100E47ED8 /* EnterpriseSyncFunctions.js */ = {isa = PBXFileReference; lastKnownFileType = sourcecode.javascript; path = EnterpriseSyncFunctions.js; sourceTree = "<group>"; };
		9B44EA8A1614AA1100E47ED8 /* QCNativeFooter.js */ = {isa = PBXFileReference; lastKnownFileType = sourcecode.javascript; path = QCNativeFooter.js; sourceTree = "<group>"; };
		9B44EA8C1614AA1100E47ED8 /* EnterpriseSyncMappings.js */ = {isa = PBXFileReference; lastKnownFileType = sourcecode.javascript; path = EnterpriseSyncMappings.js; sourceTree = "<group>"; };
		9B44EA8E1614AA1100E47ED8 /* QCUtilities.js */ = {isa = PBXFileReference; lastKnownFileType = sourcecode.javascript; path = QCUtilities.js; sourceTree = "<group>"; };
		9B44EA901614AA1100E47ED8 /* SetupQC.js */ = {isa = PBXFileReference; lastKnownFileType = sourcecode.javascript; path = SetupQC.js; sourceTree = "<group>"; };
		9B44EA9F1614BA6300E47ED8 /* Bug.png */ = {isa = PBXFileReference; lastKnownFileType = image.png; path = Bug.png; sourceTree = "<group>"; };
/* End PBXFileReference section */

/* Begin PBXFrameworksBuildPhase section */
		9B44EA211614AA0F00E47ED8 /* Frameworks */ = {
			isa = PBXFrameworksBuildPhase;
			buildActionMask = 2147483647;
			files = (
				9B44EA2D1614AA0F00E47ED8 /* UIKit.framework in Frameworks */,
				9B44EA2F1614AA0F00E47ED8 /* Foundation.framework in Frameworks */,
				9B44EA311614AA0F00E47ED8 /* CoreGraphics.framework in Frameworks */,
				9B44EA331614AA0F00E47ED8 /* QuartzCore.framework in Frameworks */,
				9B44EA351614AA0F00E47ED8 /* Accelerate.framework in Frameworks */,
				9B44EA371614AA0F00E47ED8 /* AddressBook.framework in Frameworks */,
				9B44EA391614AA0F00E47ED8 /* AddressBookUI.framework in Frameworks */,
				9B44EA3B1614AA0F00E47ED8 /* AudioToolbox.framework in Frameworks */,
				9B44EA3D1614AA0F00E47ED8 /* AVFoundation.framework in Frameworks */,
				9B44EA3F1614AA0F00E47ED8 /* CoreLocation.framework in Frameworks */,
				9B44EA411614AA0F00E47ED8 /* GameKit.framework in Frameworks */,
				9B44EA431614AA0F00E47ED8 /* iAd.framework in Frameworks */,
				9B44EA451614AA0F00E47ED8 /* MapKit.framework in Frameworks */,
				9B44EA471614AA0F00E47ED8 /* MediaPlayer.framework in Frameworks */,
				9B44EA491614AA0F00E47ED8 /* MessageUI.framework in Frameworks */,
				9B44EA4B1614AA0F00E47ED8 /* QuickLook.framework in Frameworks */,
				9B44EA4D1614AA0F00E47ED8 /* StoreKit.framework in Frameworks */,
				9B44EA4F1614AA0F00E47ED8 /* SystemConfiguration.framework in Frameworks */,
				9B44EA5A1614AA1000E47ED8 /* qc_hybrid.a in Frameworks */,
			);
			runOnlyForDeploymentPostprocessing = 0;
		};
		9B44EA241614AA0F00E47ED8 /* Frameworks */ = {
			isa = PBXFrameworksBuildPhase;
			buildActionMask = 2147483647;
			files = (
			);
			runOnlyForDeploymentPostprocessing = 0;
		};
/* End PBXFrameworksBuildPhase section */

/* Begin PBXGroup section */
		9B44EA191614AA0F00E47ED8 = {
			isa = PBXGroup;
			children = (
				9B44EA501614AA0F00E47ED8 /* Debugging */,
				9B44EA2B1614AA0F00E47ED8 /* Frameworks */,
				9B44EA291614AA0F00E47ED8 /* Products */,
			);
			sourceTree = "<group>";
		};
		9B44EA291614AA0F00E47ED8 /* Products */ = {
			isa = PBXGroup;
			children = (
				9B44EA281614AA0F00E47ED8 /* Debugging.app */,
			);
			name = Products;
			sourceTree = "<group>";
		};
		9B44EA2B1614AA0F00E47ED8 /* Frameworks */ = {
			isa = PBXGroup;
			children = (
				9B44EA2C1614AA0F00E47ED8 /* UIKit.framework */,
				9B44EA2E1614AA0F00E47ED8 /* Foundation.framework */,
				9B44EA301614AA0F00E47ED8 /* CoreGraphics.framework */,
				9B44EA321614AA0F00E47ED8 /* QuartzCore.framework */,
				9B44EA341614AA0F00E47ED8 /* Accelerate.framework */,
				9B44EA361614AA0F00E47ED8 /* AddressBook.framework */,
				9B44EA381614AA0F00E47ED8 /* AddressBookUI.framework */,
				9B44EA3A1614AA0F00E47ED8 /* AudioToolbox.framework */,
				9B44EA3C1614AA0F00E47ED8 /* AVFoundation.framework */,
				9B44EA3E1614AA0F00E47ED8 /* CoreLocation.framework */,
				9B44EA401614AA0F00E47ED8 /* GameKit.framework */,
				9B44EA421614AA0F00E47ED8 /* iAd.framework */,
				9B44EA441614AA0F00E47ED8 /* MapKit.framework */,
				9B44EA461614AA0F00E47ED8 /* MediaPlayer.framework */,
				9B44EA481614AA0F00E47ED8 /* MessageUI.framework */,
				9B44EA4A1614AA0F00E47ED8 /* QuickLook.framework */,
				9B44EA4C1614AA0F00E47ED8 /* StoreKit.framework */,
				9B44EA4E1614AA0F00E47ED8 /* SystemConfiguration.framework */,
			);
			name = Frameworks;
			sourceTree = "<group>";
		};
		9B44EA501614AA0F00E47ED8 /* Debugging */ = {
			isa = PBXGroup;
			children = (
				9B44EA5C1614AA1000E47ED8 /* index.html */,
				9B44EA9F1614BA6300E47ED8 /* Bug.png */,
				9B44EA5E1614AA1000E47ED8 /* main.css */,
				9B44EA601614AA1000E47ED8 /* main.js */,
				9B44EA621614AA1000E47ED8 /* mappings.js */,
				9B44EA641614AA1000E47ED8 /* functions.js */,
				9B44EA661614AA1000E47ED8 /* databaseDefinition.js */,
				9B44EA511614AA0F00E47ED8 /* Supporting Files */,
			);
			path = Debugging;
			sourceTree = "<group>";
		};
		9B44EA511614AA0F00E47ED8 /* Supporting Files */ = {
			isa = PBXGroup;
			children = (
				9B44EA521614AA0F00E47ED8 /* Debugging-Info.plist */,
				9B44EA531614AA0F00E47ED8 /* InfoPlist.strings */,
				9B44EA561614AA0F00E47ED8 /* main.m */,
				9B44EA581614AA0F00E47ED8 /* Debugging-Prefix.pch */,
				9B44EA591614AA1000E47ED8 /* qc_hybrid.a */,
				9B44EA5B1614AA1000E47ED8 /* QuickConnectViewController.h */,
				9B44EA681614AA1000E47ED8 /* com.js */,
				9B44EA6A1614AA1000E47ED8 /* Default-568h@2x.png */,
				9B44EA6C1614AA1000E47ED8 /* Default@2x.png */,
				9B44EA6E1614AA1000E47ED8 /* Default-Landscape@2x~ipad.png */,
				9B44EA701614AA1000E47ED8 /* Default-Landscape~ipad.png */,
				9B44EA721614AA1000E47ED8 /* Default-Portrait@2x~ipad.png */,
				9B44EA741614AA1000E47ED8 /* Default-Portrait~ipad.png */,
				9B44EA761614AA1000E47ED8 /* Default.png */,
				9B44EA781614AA1000E47ED8 /* DBScript.js */,
				9B44EA7A1614AA1000E47ED8 /* ImagePickerViewController.xib */,
				9B44EA7C1614AA1000E47ED8 /* QuickConnect.js */,
				9B44EA7E1614AA1100E47ED8 /* DataAccessObject.js */,
				9B44EA801614AA1100E47ED8 /* LocationObject.js */,
				9B44EA821614AA1100E47ED8 /* EnterpriseSync.css */,
				9B44EA841614AA1100E47ED8 /* MapView.xib */,
				9B44EA861614AA1100E47ED8 /* ServerAccessObject.js */,
				9B44EA881614AA1100E47ED8 /* EnterpriseSyncFunctions.js */,
				9B44EA8A1614AA1100E47ED8 /* QCNativeFooter.js */,
				9B44EA8C1614AA1100E47ED8 /* EnterpriseSyncMappings.js */,
				9B44EA8E1614AA1100E47ED8 /* QCUtilities.js */,
				9B44EA901614AA1100E47ED8 /* SetupQC.js */,
			);
			name = "Supporting Files";
			sourceTree = "<group>";
		};
/* End PBXGroup section */

/* Begin PBXNativeTarget section */
		9B44EA271614AA0F00E47ED8 /* Debugging */ = {
			isa = PBXNativeTarget;
			buildConfigurationList = 9B44EA941614AA1100E47ED8 /* Build configuration list for PBXNativeTarget "Debugging" */;
			buildPhases = (
				9B44EA201614AA0F00E47ED8 /* Sources */,
				9B44EA211614AA0F00E47ED8 /* Frameworks */,
				9B44EA221614AA0F00E47ED8 /* Resources */,
				9B44EA231614AA0F00E47ED8 /* Sources */,
				9B44EA241614AA0F00E47ED8 /* Frameworks */,
				9B44EA251614AA0F00E47ED8 /* ShellScript */,
				9B44EA261614AA0F00E47ED8 /* ShellScript */,
			);
			buildRules = (
			);
			dependencies = (
			);
			name = Debugging;
			productName = Debugging;
			productReference = 9B44EA281614AA0F00E47ED8 /* Debugging.app */;
			productType = "com.apple.product-type.application";
		};
/* End PBXNativeTarget section */

/* Begin PBXProject section */
		9B44EA1B1614AA0F00E47ED8 /* Project object */ = {
			isa = PBXProject;
			attributes = {
				LastUpgradeCheck = 0450;
				ORGANIZATIONNAME = "Lee Barney";
			};
			buildConfigurationList = 9B44EA1E1614AA0F00E47ED8 /* Build configuration list for PBXProject "Debugging" */;
			compatibilityVersion = "Xcode 3.2";
			developmentRegion = English;
			hasScannedForEncodings = 0;
			knownRegions = (
				en,
			);
			mainGroup = 9B44EA191614AA0F00E47ED8;
			productRefGroup = 9B44EA291614AA0F00E47ED8 /* Products */;
			projectDirPath = "";
			projectRoot = "";
			targets = (
				9B44EA271614AA0F00E47ED8 /* Debugging */,
			);
		};
/* End PBXProject section */

/* Begin PBXResourcesBuildPhase section */
		9B44EA221614AA0F00E47ED8 /* Resources */ = {
			isa = PBXResourcesBuildPhase;
			buildActionMask = 2147483647;
			files = (
				9B44EA551614AA0F00E47ED8 /* InfoPlist.strings in Resources */,
				9B44EA5D1614AA1000E47ED8 /* index.html in Resources */,
				9B44EA5F1614AA1000E47ED8 /* main.css in Resources */,
				9B44EA611614AA1000E47ED8 /* main.js in Resources */,
				9B44EA631614AA1000E47ED8 /* mappings.js in Resources */,
				9B44EA651614AA1000E47ED8 /* functions.js in Resources */,
				9B44EA671614AA1000E47ED8 /* databaseDefinition.js in Resources */,
				9B44EA691614AA1000E47ED8 /* com.js in Resources */,
				9B44EA6B1614AA1000E47ED8 /* Default-568h@2x.png in Resources */,
				9B44EA6D1614AA1000E47ED8 /* Default@2x.png in Resources */,
				9B44EA6F1614AA1000E47ED8 /* Default-Landscape@2x~ipad.png in Resources */,
				9B44EA711614AA1000E47ED8 /* Default-Landscape~ipad.png in Resources */,
				9B44EA731614AA1000E47ED8 /* Default-Portrait@2x~ipad.png in Resources */,
				9B44EA751614AA1000E47ED8 /* Default-Portrait~ipad.png in Resources */,
				9B44EA771614AA1000E47ED8 /* Default.png in Resources */,
				9B44EA791614AA1000E47ED8 /* DBScript.js in Resources */,
				9B44EA7B1614AA1000E47ED8 /* ImagePickerViewController.xib in Resources */,
				9B44EA7D1614AA1000E47ED8 /* QuickConnect.js in Resources */,
				9B44EA7F1614AA1100E47ED8 /* DataAccessObject.js in Resources */,
				9B44EA811614AA1100E47ED8 /* LocationObject.js in Resources */,
				9B44EA831614AA1100E47ED8 /* EnterpriseSync.css in Resources */,
				9B44EA851614AA1100E47ED8 /* MapView.xib in Resources */,
				9B44EA871614AA1100E47ED8 /* ServerAccessObject.js in Resources */,
				9B44EA891614AA1100E47ED8 /* EnterpriseSyncFunctions.js in Resources */,
				9B44EA8B1614AA1100E47ED8 /* QCNativeFooter.js in Resources */,
				9B44EA8D1614AA1100E47ED8 /* EnterpriseSyncMappings.js in Resources */,
				9B44EA8F1614AA1100E47ED8 /* QCUtilities.js in Resources */,
				9B44EA911614AA1100E47ED8 /* SetupQC.js in Resources */,
				9B44EAA01614BA6300E47ED8 /* Bug.png in Resources */,
			);
			runOnlyForDeploymentPostprocessing = 0;
		};
/* End PBXResourcesBuildPhase section */

/* Begin PBXShellScriptBuildPhase section */
		9B44EA251614AA0F00E47ED8 /* ShellScript */ = {
			isa = PBXShellScriptBuildPhase;
			buildActionMask = 2147483647;
			files = (
			);
			inputPaths = (
			);
			outputPaths = (
			);
			runOnlyForDeploymentPostprocessing = 0;
			shellPath = /bin/bash;
			shellScript = "\n\t\t\t\t\n\t\t\t\t\t\t\t\t\n\n\t\t\t\t#androidVersionFilePath=\"$SOURCE_ROOT_AS_PATH_COMPONENT/$EXECUTABLE_NAME_AS_PATH_COMPONENT/main.m\" \n        androidVersionFilePath=\"$SOURCE_ROOT/$EXECUTABLE_NAME/main.m\"      \n        androidVersionLine=`grep \"AndroidSDK\" \"$androidVersionFilePath\"`\n        #echo $androidVersionLine\n        androidVersion=0\n        for word in $androidVersionLine           \n        do               \n        androidVersion=$word\n        #echo 'word: '$androidVersion\n        done  \n        if [ $androidVersion = 0 ]; then\n            echo 'not building for android'\n            exit 0;\n        fi    \n        echo '---------------Building for Android------------------'\n        \t\t\t\t\nif [ ! -d AndroidBuild ]; then               \nmkdir AndroidBuild           \nfi                                 \n#get the bundle identifier    \necho $INFOPLIST_FILE\nBUNDLE_ID=($(/usr/libexec/PlistBuddy -c Print:CFBundleIdentifier \"$INFOPLIST_FILE\"))         \nBUNDLE_VERSION=($(/usr/libexec/PlistBuddy -c Print:CFBundleVersion \"$INFOPLIST_FILE\"))           \nANDROID_VERSION_NAME=($(/usr/libexec/PlistBuddy -c Print:AndroidAppVersionCode \"$INFOPLIST_FILE\")) \nif [ -z BUNDLE_VERSION ]; then\n    BUNDLE_VERSION='1.0'\nfi\n\n#check to see if the developer has defined an integer value for the android application version           \nif [ ${#ANDROID_VERSION_NAME} = 0 ]; then\n    ANDROID_VERSION_NAME=1                       \n    fi \n    \n    APP_PACKAGE=${BUNDLE_ID%\\$*}\n    APP_PACKAGE_LEN=${#APP_PACKAGE}\n        APP_PACKAGE=${APP_PACKAGE:0:APP_PACKAGE_LEN-1}  \n        #EXECUTABLE_NAME_AS_PATH_COMPONENT=${EXECUTABLE_NAME// /\\\\ }\n        #SOURCE_ROOT_AS_PATH_COMPONENT=${SOURCE_ROOT// /\\\\ }\n        \n        androidSDK=/Developer/androidSDK           \n        export androidSDK\n        echo ----------------Clearing old build               \n        rm -rf AndroidBuild           \n        \n        echo ----------------Copying standard files               \n        #copy the default android_build directory and other standard files               \n        #from the template directory into the current directory               \n        cp -R $HOME/Library/Developer/Xcode/Templates/Application/QC\\ Hybrid\\ Application.xctemplate/AndroidSetup .               \n        mv AndroidSetup AndroidBuild    \n        \n        echo ----------------Copying Application files\n        #ignore the file type not found errors\n        cp $SOURCE_ROOT/$EXECUTABLE_NAME/*.png AndroidBuild/res/drawable/ 2>/dev/null\n        cp $SOURCE_ROOT/$EXECUTABLE_NAME/*.jpg AndroidBuild/res/drawable/ 2>/dev/null\n        cp $SOURCE_ROOT/$EXECUTABLE_NAME/*.gif AndroidBuild/res/drawable/ 2>/dev/null\n        cp $SOURCE_ROOT/$EXECUTABLE_NAME/*.jpg AndroidBuild/res/drawable/ 2>/dev/null\n        cp $SOURCE_ROOT/$EXECUTABLE_NAME/*.bmp AndroidBuild/res/drawable/ 2>/dev/null\n        cp $SOURCE_ROOT/$EXECUTABLE_NAME/*.webp AndroidBuild/res/drawable/ 2>/dev/null\n        cp $SOURCE_ROOT/$EXECUTABLE_NAME/*.mov AndroidBuild/res/raw/ 2>/dev/null\n        cp $SOURCE_ROOT/$EXECUTABLE_NAME/*.ogg AndroidBuild/res/raw/ 2>/dev/null\n        cp $SOURCE_ROOT/$EXECUTABLE_NAME/*.webm AndroidBuild/res/raw/ 2>/dev/null\n        cp $SOURCE_ROOT/$EXECUTABLE_NAME/*.mp4 AndroidBuild/res/raw/ 2>/dev/null\n        cp $SOURCE_ROOT/$EXECUTABLE_NAME/*.3gp AndroidBuild/res/raw/ 2>/dev/null\n        cp $SOURCE_ROOT/$EXECUTABLE_NAME/*.mp3 AndroidBuild/res/raw/ 2>/dev/null\n        cp $SOURCE_ROOT/$EXECUTABLE_NAME/*.mid AndroidBuild/res/raw/ 2>/dev/null\n        cp $SOURCE_ROOT/$EXECUTABLE_NAME/*.wav AndroidBuild/res/raw/ 2>/dev/null\n        cp $SOURCE_ROOT/$EXECUTABLE_NAME/*.mkv AndroidBuild/res/raw/ 2>/dev/null\n        \n                                         \n                                         \n        rsync -av --exclude='bigtest11-Info.plist' --exclude='bigtest11-Prefix.pch' --exclude='com.js' --exclude='DataAccessObject.js' --exclude='DBScript.js' --exclude='en.lproj' --exclude='qc_hybrid.a' --exclude='MapView.xib' --exclude='ImagePickerViewController.xib' --exclude='EnterpriseSync.css' --exclude='EnterpriseSyncFunctions.js' --exclude='EnterpriseSyncMappings.js' --exclude='json2.js' --exclude='LocationObject.js' --exclude='QCUtilities.js' --exclude='QuickConnect.js' --exclude='ServerAccessObject.js' --exclude='setupQC.js' --exclude='QuickConnectViewController.h' --exclude='*.mov*' exclude='*.MOV*' --exclude='.m4v' --exclude='.M4V' --exclude='*.jpg*' --exclude='*.JPG*' --exclude='*.png*' --exclude='*.PNG*' --exclude='*.bmp*' --exclude='*.BMP*' --exclude='*.gif*' --exclude='*.GIF*' --exclude='*.webp*' --exclude='*.WEBP*' --exclude='*.mpg*' --exclude='*.MPG*' --exclude='*.mpeg*' --exclude='*.MPEG*' --exclude='*.webm*' --exclude='*.WEBM*' --exclude='*.wav*' --exclude='*.WAV*' --exclude='*.ogg*' --exclude='*.OGG*' --exclude='*.mid*' --exclude='*.MID*' --exclude='*.mp3*' --exclude='*.MP3*' $SOURCE_ROOT/$EXECUTABLE_NAME/ AndroidBuild/assets/\n                     \n        \n                                                                                                                                \n        \n        echo ----------------Building AndroidManifest.xml                                 \n        activityName=${EXECUTABLE_NAME// /};                              \n            #write out the AndroidManifest.xml file contents           \n            echo '<?xml version=\"1.0\" encoding=\"utf-8\"?><manifest xmlns:android=\"http://schemas.android.com/apk/res/android\" package=\"'$APP_PACKAGE'\" android:versionCode=\"'$ANDROID_VERSION_NAME'\" android:versionName=\"1.0\"><uses-sdk android:minSdkVersion=\"'$androidVersion'\"/><uses-permission android:name=\"android.permission.INTERNET\" /><uses-permission android:name=\"android.permission.ACCESS_NETWORK_STATE\"></uses-permission><uses-permission android:name=\"android.permission.WRITE_EXTERNAL_STORAGE\"></uses-permission><uses-permission android:name=\"android.permission.READ_PHONE_STATE\"/><uses-permission android:name=\"android.permission.ACCESS_FINE_LOCATION\"/><application android:icon=\"@drawable/icon\" android:label=\"@string/app_name\"><activity android:name=\"'$activityName'\" android:label=\"@string/app_name\" android:screenOrientation=\"portrait\"><intent-filter>           <action android:name=\"android.intent.action.MAIN\" /><category android:name=\"android.intent.category.LAUNCHER\" /></intent-filter></activity><uses-library android:name=\"com.google.android.maps\" /></application></manifest>' > AndroidBuild/AndroidManifest.xml                           \n            \n            \n            echo ----------------Building strings.xml               \n            #write out the strings.xml file contents               \n            echo '<?xml version=\"1.0\" encoding=\"utf-8\"?><resources><string name=\"app_name\">'$EXECUTABLE_NAME'</string></resources>' > AndroidBuild/res/values/strings.xml\n            \n            \n            echo ----------------Building Activity.java               \n            packagePath=${APP_PACKAGE//.//}               \n                mkdir -p AndroidBuild/src/$packagePath               \n                #write out the Activity.java file contents                   \n                activityFilePath=AndroidBuild/src/$packagePath/$activityName.java               \n                echo $activityFilePath               \n                echo 'package '$APP_PACKAGE'; import org.quickconnectfamily.hybrid.QCAndroid; import org.quickconnectfamily.hybrid.R; import android.app.Activity; import android.os.Bundle; public class '$activityName' extends QCAndroid { @Override public void onCreate(Bundle theBundle) {  super.onCreate(theBundle); } }' > $activityFilePath                          \n                echo ----------------Building ant files                                                                                                                             \n                echo '<?xml version=\"1.0\" encoding=\"UTF-8\"?><project name=\"'$EXECUTABLE_NAME'\" default=\"QC Hybrid Application\"><loadproperties srcFile=\"local.properties\" /><property file=\"ant.properties\" /><loadproperties srcFile=\"project.properties\" /><!-- version-tag: '$ANDROID_VERSION_NAME' --><import file=\"'$androidSDK'/tools/ant/build.xml\" /></project>' > AndroidBuild/build.xml  \n                echo 'target=Google Inc.:Google APIs:'$androidVersion > AndroidBuild/project.properties                                         \n                \n                \n                echo -------------Updating Android Keystore------------------------\n                # remove the debug keystore if it exists.  This will keep it from expiring.           \n                if [ -f ~/.Android/debug.keystore ]; then               \n                echo \"Removing old keystore\"               \n                rm ~/.Android//debug.keystore           \n                else               \n                echo \"First build.  Keystore does not exist.\"           \n                fi               \n                # regenerate the debug keystore               \n                # keytool is included in the standard JDK install               \n                keytool -genkey -v -storepass android -alias android -keypass android -keystore AndroidBuild/debug.keystore -validity 2000 -dname 'CN=Android Debug,O=Android,C=US'                                             \n                echo -------------Compiling and assembling application------------------------               \n                cd AndroidBuild               \n                ant debug                                                                                                                         \n                \n                exit 0                                  \t\t\t\t\t\t\n                    ";
		};
		9B44EA261614AA0F00E47ED8 /* ShellScript */ = {
			isa = PBXShellScriptBuildPhase;
			buildActionMask = 2147483647;
			files = (
			);
			inputPaths = (
			);
			outputPaths = (
			);
			runOnlyForDeploymentPostprocessing = 0;
			shellPath = /bin/bash;
			shellScript = "\n                \n                #check to see if android should be run\nandroidVersionFilePath=\"$SOURCE_ROOT/$EXECUTABLE_NAME/main.m\"      \nandroidVersionLine=`grep \"AndroidSDK\" \"$androidVersionFilePath\"`\n#echo $androidVersionLine\nandroidVersion=0;\nfor word in $androidVersionLine           \ndo               \n    androidVersion=$word\n#echo 'word: '$androidVersion\ndone     \nif [ $androidVersion = 0 ]; then\n    echo 'Not building for Android'\n    exit 0;\nfi\n        echo '---------------Building for Android------------------'\n    \n                    #finding run environment\n#get the bundle identifier           \necho $INFOPLIST_FILE\nBUNDLE_ID=($(/usr/libexec/PlistBuddy -c Print:CFBundleIdentifier \"$INFOPLIST_FILE\"))         \n                             \nAPP_PACKAGE=${BUNDLE_ID%\\$*}\nAPP_PACKAGE_LEN=${#APP_PACKAGE}\nAPP_PACKAGE=${APP_PACKAGE:0:APP_PACKAGE_LEN-1}\necho -------------Initializing emulator------------------------\nandroidSDK='/Developer/androidSDK'\n# see if an emulator is running or a device is connected. \n    #/Developer/androidSDK/platform-tools/adb kill-server\n    foundDevicesAndEmulators=$($androidSDK/platform-tools/adb devices)\n    echo 'devices: '$foundDevicesAndEmulators\nFoundEmulator=$($androidSDK/platform-tools/adb devices| grep -v devices | grep emulator)           \n    \n    echo \"emulator: '$FoundEmulator'\" \nFoundDevice=$($androidSDK/platform-tools/adb devices| grep -v devices | grep -v emulator)           \n    \n    echo \"device '$FoundDevice'\"\nFound=$FoundDevice              \nif [ -z $Found ]; then               \n           echo 'checking emulator'   \n    Found=$FoundEmulator               \nfi               \n    echo 'found1: '$Found\nFound=${Found%%device*}               \nFound=$Found | sed 's/ //g' \n    echo 'found: '$Found\nif [ -z $Found ]; then               \n    echo 'No device or emulator found on which to install the application.  If you wish to run on a device plug it in.  If you want to run on an emulator start it prior to building.'               \n    \n    exit 1               \nelse \n    if [ -z $FoundDevice ]; then  \n    #exit the debugger and clear/flush the log                   \n    #$androidSDK/platform-tools/adb -s $Found logcat -c      \n\n    #bring the found emulator to the front\n    $HOME/Library/Developer/Xcode/Templates/Application/QC\\ Hybrid\\ Application.xctemplate/appswitch -a emulator-arm\n    fi\nfi\n\ninstFileName=$(pwd)/AndroidBuild/bin/$EXECUTABLE_NAME-debug.apk               \necho -------------un-installing $APP_PACKAGE from $Found---------------------- \n$androidSDK/platform-tools/adb -s $Found uninstall $APP_PACKAGE               \necho -------------Doing install / reinstall----------------------               \necho -----------installing $instFileName-----------------  \n    #installing: /Users/lee/Desktop/junk/workupJunk/bin/workupJunk-debug.apk found: \t040365FE0100400C\n    \n    \n\n    echo \"installing: $instFileName found: $Found\"\n    $androidSDK/platform-tools/adb -s $Found install -r \"$instFileName\" \n    \necho \"-------------launching $APP_PACKAGE/$EXECUTABLE_NAME--------------\"   \nactivityName=${EXECUTABLE_NAME// /};\n$androidSDK/platform-tools/adb -s $Found shell am start -a android.intent.action.MAIN -n $APP_PACKAGE/.$activityName                            \necho -------------launching debugger--------------               \n$androidSDK/platform-tools/adb -s $Found logcat -f logfile.txt *:V &               \necho -------------launch complete-------------               \n\n    exit 0\n\n                                                        \t\t\t\t\t\t\n                                                        \t\t\t\t\t\t\n                                                        \t\t\t\t\t\t\n                                                        \t\t\t\t\t\t";
		};
/* End PBXShellScriptBuildPhase section */

/* Begin PBXSourcesBuildPhase section */
		9B44EA201614AA0F00E47ED8 /* Sources */ = {
			isa = PBXSourcesBuildPhase;
			buildActionMask = 2147483647;
			files = (
				9B44EA571614AA0F00E47ED8 /* main.m in Sources */,
			);
			runOnlyForDeploymentPostprocessing = 0;
		};
		9B44EA231614AA0F00E47ED8 /* Sources */ = {
			isa = PBXSourcesBuildPhase;
			buildActionMask = 2147483647;
			files = (
			);
			runOnlyForDeploymentPostprocessing = 0;
		};
/* End PBXSourcesBuildPhase section */

/* Begin PBXVariantGroup section */
		9B44EA531614AA0F00E47ED8 /* InfoPlist.strings */ = {
			isa = PBXVariantGroup;
			children = (
				9B44EA541614AA0F00E47ED8 /* en */,
			);
			name = InfoPlist.strings;
			sourceTree = "<group>";
		};
/* End PBXVariantGroup section */

/* Begin XCBuildConfiguration section */
		9B44EA921614AA1100E47ED8 /* Debug */ = {
			isa = XCBuildConfiguration;
			buildSettings = {
				ALWAYS_SEARCH_USER_PATHS = NO;
				CLANG_CXX_LANGUAGE_STANDARD = "gnu++0x";
				CLANG_CXX_LIBRARY = "libc++";
				CLANG_ENABLE_OBJC_ARC = YES;
				CLANG_WARN_EMPTY_BODY = YES;
				CLANG_WARN__DUPLICATE_METHOD_MATCH = YES;
				"CODE_SIGN_IDENTITY[sdk=iphoneos*]" = "iPhone Developer";
				COPY_PHASE_STRIP = NO;
				GCC_C_LANGUAGE_STANDARD = gnu99;
				GCC_DYNAMIC_NO_PIC = NO;
				GCC_OPTIMIZATION_LEVEL = 0;
				GCC_PREPROCESSOR_DEFINITIONS = (
					"DEBUG=1",
					"$(inherited)",
				);
				GCC_SYMBOLS_PRIVATE_EXTERN = NO;
				GCC_WARN_ABOUT_RETURN_TYPE = YES;
				GCC_WARN_UNINITIALIZED_AUTOS = YES;
				GCC_WARN_UNUSED_VARIABLE = YES;
				IPHONEOS_DEPLOYMENT_TARGET = 6.0;
				SDKROOT = iphoneos;
				TARGETED_DEVICE_FAMILY = "1,2";
			};
			name = Debug;
		};
		9B44EA931614AA1100E47ED8 /* Release */ = {
			isa = XCBuildConfiguration;
			buildSettings = {
				ALWAYS_SEARCH_USER_PATHS = NO;
				CLANG_CXX_LANGUAGE_STANDARD = "gnu++0x";
				CLANG_CXX_LIBRARY = "libc++";
				CLANG_ENABLE_OBJC_ARC = YES;
				CLANG_WARN_EMPTY_BODY = YES;
				CLANG_WARN__DUPLICATE_METHOD_MATCH = YES;
				"CODE_SIGN_IDENTITY[sdk=iphoneos*]" = "iPhone Developer";
				COPY_PHASE_STRIP = YES;
				GCC_C_LANGUAGE_STANDARD = gnu99;
				GCC_WARN_ABOUT_RETURN_TYPE = YES;
				GCC_WARN_UNINITIALIZED_AUTOS = YES;
				GCC_WARN_UNUSED_VARIABLE = YES;
				IPHONEOS_DEPLOYMENT_TARGET = 6.0;
				OTHER_CFLAGS = "-DNS_BLOCK_ASSERTIONS=1";
				SDKROOT = iphoneos;
				TARGETED_DEVICE_FAMILY = "1,2";
				VALIDATE_PRODUCT = YES;
			};
			name = Release;
		};
		9B44EA951614AA1100E47ED8 /* Debug */ = {
			isa = XCBuildConfiguration;
			buildSettings = {
				GCC_PRECOMPILE_PREFIX_HEADER = YES;
				GCC_PREFIX_HEADER = "Debugging/Debugging-Prefix.pch";
				INFOPLIST_FILE = "Debugging/Debugging-Info.plist";
				LIBRARY_SEARCH_PATHS = (
					"$(inherited)",
					"\"$(SRCROOT)/Debugging\"",
				);
				PRODUCT_NAME = "$(TARGET_NAME)";
				WRAPPER_EXTENSION = app;
			};
			name = Debug;
		};
		9B44EA961614AA1100E47ED8 /* Release */ = {
			isa = XCBuildConfiguration;
			buildSettings = {
				GCC_PRECOMPILE_PREFIX_HEADER = YES;
				GCC_PREFIX_HEADER = "Debugging/Debugging-Prefix.pch";
				INFOPLIST_FILE = "Debugging/Debugging-Info.plist";
				LIBRARY_SEARCH_PATHS = (
					"$(inherited)",
					"\"$(SRCROOT)/Debugging\"",
				);
				PRODUCT_NAME = "$(TARGET_NAME)";
				WRAPPER_EXTENSION = app;
			};
			name = Release;
		};
/* End XCBuildConfiguration section */

/* Begin XCConfigurationList section */
		9B44EA1E1614AA0F00E47ED8 /* Build configuration list for PBXProject "Debugging" */ = {
			isa = XCConfigurationList;
			buildConfigurations = (
				9B44EA921614AA1100E47ED8 /* Debug */,
				9B44EA931614AA1100E47ED8 /* Release */,
			);
			defaultConfigurationIsVisible = 0;
			defaultConfigurationName = Release;
		};
		9B44EA941614AA1100E47ED8 /* Build configuration list for PBXNativeTarget "Debugging" */ = {
			isa = XCConfigurationList;
			buildConfigurations = (
				9B44EA951614AA1100E47ED8 /* Debug */,
				9B44EA961614AA1100E47ED8 /* Release */,
			);
			defaultConfigurationIsVisible = 0;
		};
/* End XCConfigurationList section */
	};
	rootObject = 9B44EA1B1614AA0F00E47ED8 /* Project object */;
}
